
Microsoft Visual Studio Solution File, Format Version 12.00
# Visual Studio Version 17
VisualStudioVersion = 17.1.32328.378
MinimumVisualStudioVersion = 10.0.40219.1
Project("{888888A0-9F3D-457C-B088-3A5042F75D52}") = "MGR", "MGR.pyproj", "{2E2080E5-175D-4C3F-AE4E-9964D3660BD3}"
EndProject
Global
	GlobalSection(SolutionConfigurationPlatforms) = preSolution
		Debug|Any CPU = Debug|Any CPU
		Release|Any CPU = Release|Any CPU
	EndGlobalSection
	GlobalSection(ProjectConfigurationPlatforms) = postSolution
		{2E2080E5-175D-4C3F-AE4E-9964D3660BD3}.Debug|Any CPU.ActiveCfg = Debug|Any CPU
		{2E2080E5-175D-4C3F-AE4E-9964D3660BD3}.Release|Any CPU.ActiveCfg = Release|Any CPU
	EndGlobalSection
	GlobalSection(SolutionProperties) = preSolution
		HideSolutionNode = FALSE
	EndGlobalSection
	GlobalSection(ExtensibilityGlobals) = postSolution
		SolutionGuid = {82C21345-385B-44F2-8570-FBBA0415312F}
	EndGlobalSection
EndGlobal
